
Microsoft Visual Studio Solution File, Format Version 12.00
# Visual Studio 15
VisualStudioVersion = 15.0.27703.2042
MinimumVisualStudioVersion = 10.0.40219.1
Project("{FAE04EC0-301F-11D3-BF4B-00C04F79EFBC}") = "WareHouse", "WareHouse\WareHouse.csproj", "{964EAE6B-6363-48E9-AD61-C8FAF22B60BF}"
EndProject
Global
	GlobalSection(SolutionConfigurationPlatforms) = preSolution
		Debug|Any CPU = Debug|Any CPU
		Release|Any CPU = Release|Any CPU
	EndGlobalSection
	GlobalSection(ProjectConfigurationPlatforms) = postSolution
		{964EAE6B-6363-48E9-AD61-C8FAF22B60BF}.Debug|Any CPU.ActiveCfg = Debug|Any CPU
		{964EAE6B-6363-48E9-AD61-C8FAF22B60BF}.Debug|Any CPU.Build.0 = Debug|Any CPU
		{964EAE6B-6363-48E9-AD61-C8FAF22B60BF}.Release|Any CPU.ActiveCfg = Release|Any CPU
		{964EAE6B-6363-48E9-AD61-C8FAF22B60BF}.Release|Any CPU.Build.0 = Release|Any CPU
	EndGlobalSection
	GlobalSection(SolutionProperties) = preSolution
		HideSolutionNode = FALSE
	EndGlobalSection
	GlobalSection(ExtensibilityGlobals) = postSolution
		SolutionGuid = {3C74B881-26CB-440A-9042-CA8126CE482F}
	EndGlobalSection
EndGlobal
